// !$*UTF8*$!
{
	archiveVersion = 1;
	classes = {
	};
	objectVersion = 46;
	objects = {

/* Begin PBXBuildFile section */
		C30A12C31C96F7E9002AD67D /* main.m in Sources */ = {isa = PBXBuildFile; fileRef = C30A12C21C96F7E9002AD67D /* main.m */; };
		C30A12CB1C96F8BD002AD67D /* Birthday.m in Sources */ = {isa = PBXBuildFile; fileRef = C30A12CA1C96F8BD002AD67D /* Birthday.m */; };
/* End PBXBuildFile section */

/* Begin PBXCopyFilesBuildPhase section */
		C30A12BD1C96F7E9002AD67D /* CopyFiles */ = {
			isa = PBXCopyFilesBuildPhase;
			buildActionMask = 2147483647;
			dstPath = /usr/share/man/man1/;
			dstSubfolderSpec = 0;
			files = (
			);
			runOnlyForDeploymentPostprocessing = 1;
		};
/* End PBXCopyFilesBuildPhase section */

/* Begin PBXFileReference section */
		C30A12BF1C96F7E9002AD67D /* 09 Classes Extended */ = {isa = PBXFileReference; explicitFileType = "compiled.mach-o.executable"; includeInIndex = 0; path = "09 Classes Extended"; sourceTree = BUILT_PRODUCTS_DIR; };
		C30A12C21C96F7E9002AD67D /* main.m */ = {isa = PBXFileReference; lastKnownFileType = sourcecode.c.objc; path = main.m; sourceTree = "<group>"; };
		C30A12C91C96F8BD002AD67D /* Birthday.h */ = {isa = PBXFileReference; fileEncoding = 4; lastKnownFileType = sourcecode.c.h; name = Birthday.h; path = ../Birthday.h; sourceTree = "<group>"; };
		C30A12CA1C96F8BD002AD67D /* Birthday.m */ = {isa = PBXFileReference; fileEncoding = 4; lastKnownFileType = sourcecode.c.objc; name = Birthday.m; path = ../Birthday.m; sourceTree = "<group>"; };
/* End PBXFileReference section */

/* Begin PBXFrameworksBuildPhase section */
		C30A12BC1C96F7E9002AD67D /* Frameworks */ = {
			isa = PBXFrameworksBuildPhase;
			buildActionMask = 2147483647;
			files = (
			);
			runOnlyForDeploymentPostprocessing = 0;
		};
/* End PBXFrameworksBuildPhase section */

/* Begin PBXGroup section */
		C30A12B61C96F7E9002AD67D = {
			isa = PBXGroup;
			children = (
				C30A12C11C96F7E9002AD67D /* 09 Classes Extended */,
				C30A12C01C96F7E9002AD67D /* Products */,
			);
			sourceTree = "<group>";
		};
		C30A12C01C96F7E9002AD67D /* Products */ = {
			isa = PBXGroup;
			children = (
				C30A12BF1C96F7E9002AD67D /* 09 Classes Extended */,
			);
			name = Products;
			sourceTree = "<group>";
		};
		C30A12C11C96F7E9002AD67D /* 09 Classes Extended */ = {
			isa = PBXGroup;
			children = (
				C30A12C91C96F8BD002AD67D /* Birthday.h */,
				C30A12CA1C96F8BD002AD67D /* Birthday.m */,
				C30A12C21C96F7E9002AD67D /* main.m */,
			);
			path = "09 Classes Extended";
			sourceTree = "<group>";
		};
/* End PBXGroup section */

/* Begin PBXNativeTarget section */
		C30A12BE1C96F7E9002AD67D /* 09 Classes Extended */ = {
			isa = PBXNativeTarget;
			buildConfigurationList = C30A12C61C96F7E9002AD67D /* Build configuration list for PBXNativeTarget "09 Classes Extended" */;
			buildPhases = (
				C30A12BB1C96F7E9002AD67D /* Sources */,
				C30A12BC1C96F7E9002AD67D /* Frameworks */,
				C30A12BD1C96F7E9002AD67D /* CopyFiles */,
			);
			buildRules = (
			);
			dependencies = (
			);
			name = "09 Classes Extended";
			productName = "09 Classes Extended";
			productReference = C30A12BF1C96F7E9002AD67D /* 09 Classes Extended */;
			productType = "com.apple.product-type.tool";
		};
/* End PBXNativeTarget section */

/* Begin PBXProject section */
		C30A12B71C96F7E9002AD67D /* Project object */ = {
			isa = PBXProject;
			attributes = {
				LastUpgradeCheck = 0720;
				ORGANIZATIONNAME = Elina;
				TargetAttributes = {
					C30A12BE1C96F7E9002AD67D = {
						CreatedOnToolsVersion = 7.2;
					};
				};
			};
			buildConfigurationList = C30A12BA1C96F7E9002AD67D /* Build configuration list for PBXProject "09 Classes Extended" */;
			compatibilityVersion = "Xcode 3.2";
			developmentRegion = English;
			hasScannedForEncodings = 0;
			knownRegions = (
				en,
			);
			mainGroup = C30A12B61C96F7E9002AD67D;
			productRefGroup = C30A12C01C96F7E9002AD67D /* Products */;
			projectDirPath = "";
			projectRoot = "";
			targets = (
				C30A12BE1C96F7E9002AD67D /* 09 Classes Extended */,
			);
		};
/* End PBXProject section */

/* Begin PBXSourcesBuildPhase section */
		C30A12BB1C96F7E9002AD67D /* Sources */ = {
			isa = PBXSourcesBuildPhase;
			buildActionMask = 2147483647;
			files = (
				C30A12CB1C96F8BD002AD67D /* Birthday.m in Sources */,
				C30A12C31C96F7E9002AD67D /* main.m in Sources */,
			);
			runOnlyForDeploymentPostprocessing = 0;
		};
/* End PBXSourcesBuildPhase section */

/* Begin XCBuildConfiguration section */
		C30A12C41C96F7E9002AD67D /* Debug */ = {
			isa = XCBuildConfiguration;
			buildSettings = {
				ALWAYS_SEARCH_USER_PATHS = NO;
				CLANG_CXX_LANGUAGE_STANDARD = "gnu++0x";
				CLANG_CXX_LIBRARY = "libc++";
				CLANG_ENABLE_MODULES = YES;
				CLANG_ENABLE_OBJC_ARC = YES;
				CLANG_WARN_BOOL_CONVERSION = YES;
				CLANG_WARN_CONSTANT_CONVERSION = YES;
				CLANG_WARN_DIRECT_OBJC_ISA_USAGE = YES_ERROR;
				CLANG_WARN_EMPTY_BODY = YES;
				CLANG_WARN_ENUM_CONVERSION = YES;
				CLANG_WARN_INT_CONVERSION = YES;
				CLANG_WARN_OBJC_ROOT_CLASS = YES_ERROR;
				CLANG_WARN_UNREACHABLE_CODE = YES;
				CLANG_WARN__DUPLICATE_METHOD_MATCH = YES;
				CODE_SIGN_IDENTITY = "-";
				COPY_PHASE_STRIP = NO;
				DEBUG_INFORMATION_FORMAT = dwarf;
				ENABLE_STRICT_OBJC_MSGSEND = YES;
				ENABLE_TESTABILITY = YES;
				GCC_C_LANGUAGE_STANDARD = gnu99;
				GCC_DYNAMIC_NO_PIC = NO;
				GCC_NO_COMMON_BLOCKS = YES;
				GCC_OPTIMIZATION_LEVEL = 0;
				GCC_PREPROCESSOR_DEFINITIONS = (
					"DEBUG=1",
					"$(inherited)",
				);
				GCC_WARN_64_TO_32_BIT_CONVERSION = YES;
				GCC_WARN_ABOUT_RETURN_TYPE = YES_ERROR;
				GCC_WARN_UNDECLARED_SELECTOR = YES;
				GCC_WARN_UNINITIALIZED_AUTOS = YES_AGGRESSIVE;
				GCC_WARN_UNUSED_FUNCTION = YES;
				GCC_WARN_UNUSED_VARIABLE = YES;
				MACOSX_DEPLOYMENT_TARGET = 10.11;
				MTL_ENABLE_DEBUG_INFO = YES;
				ONLY_ACTIVE_ARCH = YES;
				SDKROOT = macosx;
			};
			name = Debug;
		};
		C30A12C51C96F7E9002AD67D /* Release */ = {
			isa = XCBuildConfiguration;
			buildSettings = {
				ALWAYS_SEARCH_USER_PATHS = NO;
				CLANG_CXX_LANGUAGE_STANDARD = "gnu++0x";
				CLANG_CXX_LIBRARY = "libc++";
				CLANG_ENABLE_MODULES = YES;
				CLANG_ENABLE_OBJC_ARC = YES;
				CLANG_WARN_BOOL_CONVERSION = YES;
				CLANG_WARN_CONSTANT_CONVERSION = YES;
				CLANG_WARN_DIRECT_OBJC_ISA_USAGE = YES_ERROR;
				CLANG_WARN_EMPTY_BODY = YES;
				CLANG_WARN_ENUM_CONVERSION = YES;
				CLANG_WARN_INT_CONVERSION = YES;
				CLANG_WARN_OBJC_ROOT_CLASS = YES_ERROR;
				CLANG_WARN_UNREACHABLE_CODE = YES;
				CLANG_WARN__DUPLICATE_METHOD_MATCH = YES;
				CODE_SIGN_IDENTITY = "-";
				COPY_PHASE_STRIP = NO;
				DEBUG_INFORMATION_FORMAT = "dwarf-with-dsym";
				ENABLE_NS_ASSERTIONS = NO;
				ENABLE_STRICT_OBJC_MSGSEND = YES;
				GCC_C_LANGUAGE_STANDARD = gnu99;
				GCC_NO_COMMON_BLOCKS = YES;
				GCC_WARN_64_TO_32_BIT_CONVERSION = YES;
				GCC_WARN_ABOUT_RETURN_TYPE = YES_ERROR;
				GCC_WARN_UNDECLARED_SELECTOR = YES;
				GCC_WARN_UNINITIALIZED_AUTOS = YES_AGGRESSIVE;
				GCC_WARN_UNUSED_FUNCTION = YES;
				GCC_WARN_UNUSED_VARIABLE = YES;
				MACOSX_DEPLOYMENT_TARGET = 10.11;
				MTL_ENABLE_DEBUG_INFO = NO;
				SDKROOT = macosx;
			};
			name = Release;
		};
		C30A12C71C96F7E9002AD67D /* Debug */ = {
			isa = XCBuildConfiguration;
			buildSettings = {
				PRODUCT_NAME = "$(TARGET_NAME)";
			};
			name = Debug;
		};
		C30A12C81C96F7E9002AD67D /* Release */ = {
			isa = XCBuildConfiguration;
			buildSettings = {
				PRODUCT_NAME = "$(TARGET_NAME)";
			};
			name = Release;
		};
/* End XCBuildConfiguration section */

/* Begin XCConfigurationList section */
		C30A12BA1C96F7E9002AD67D /* Build configuration list for PBXProject "09 Classes Extended" */ = {
			isa = XCConfigurationList;
			buildConfigurations = (
				C30A12C41C96F7E9002AD67D /* Debug */,
				C30A12C51C96F7E9002AD67D /* Release */,
			);
			defaultConfigurationIsVisible = 0;
			defaultConfigurationName = Release;
		};
		C30A12C61C96F7E9002AD67D /* Build configuration list for PBXNativeTarget "09 Classes Extended" */ = {
			isa = XCConfigurationList;
			buildConfigurations = (
				C30A12C71C96F7E9002AD67D /* Debug */,
				C30A12C81C96F7E9002AD67D /* Release */,
			);
			defaultConfigurationIsVisible = 0;
		};
/* End XCConfigurationList section */
	};
	rootObject = C30A12B71C96F7E9002AD67D /* Project object */;
}
